{
  "name": "blogger-ipfs",
  "version": "0.0.1",
  "lockfileVersion": 1,
  "requires": true,
  "dependencies": {
    "@jsmith21/vue-terminal": {
      "version": "1.1.6",
      "resolved": "https://registry.npmjs.org/@jsmith21/vue-terminal/-/vue-terminal-1.1.6.tgz",
      "integrity": "sha512-gOP8TRanei+SMIiUdWYE3Pmq1bYlmit8Q+ve5pZw9usOJSBIidDg9N2mD+Okx9gXs4g7D1Ul7IhtXCIFk9v2Nw==",
      "requires": {
        "@vue/composition-api": "^0.3.4",
        "argparse": "github:jsmith/argparse#0c0faed0623e14400021f3ffbd9068d77aa92cc8",
        "linkifyjs": "^2.1.6",
        "vue-perfect-scrollbar": "^0.1.0"
      }
    },
    "@vue/composition-api": {
      "version": "0.3.4",
      "resolved": "https://registry.npmjs.org/@vue/composition-api/-/composition-api-0.3.4.tgz",
      "integrity": "sha512-aMbg/pEk0PSQAIFyWWLqbAmaCCTx1kFq+49KZslIBJH9Wqos7eEPLtMv4gGxd/EcciBIgfbtUXaXGg/O3mheRA==",
      "requires": {
        "tslib": "^1.9.3"
      }
    },
    "argparse": {
      "version": "github:jsmith/argparse#0c0faed0623e14400021f3ffbd9068d77aa92cc8",
      "from": "github:jsmith/argparse#0c0faed0623e14400021f3ffbd9068d77aa92cc8",
      "requires": {
        "sprintf-js": "~1.0.2"
      }
    },
    "linkifyjs": {
      "version": "2.1.9",
      "resolved": "https://registry.npmjs.org/linkifyjs/-/linkifyjs-2.1.9.tgz",
      "integrity": "sha512-74ivurkK6WHvHFozVaGtQWV38FzBwSTGNmJolEgFp7QgR2bl6ArUWlvT4GcHKbPe1z3nWYi+VUdDZk16zDOVug=="
    },
    "sprintf-js": {
      "version": "1.0.3",
      "resolved": "https://registry.npmjs.org/sprintf-js/-/sprintf-js-1.0.3.tgz",
      "integrity": "sha1-BOaSb2YolTVPPdAVIDYzuFcpfiw="
    },
    "tslib": {
      "version": "1.14.1",
      "resolved": "https://registry.npmjs.org/tslib/-/tslib-1.14.1.tgz",
      "integrity": "sha512-Xni35NKzjgMrwevysHTCArtLDpPvye8zV/0E4EyYn43P7/7qvQwPh9BGkHewbMulVntbigmcT7rdX3BNo9wRJg=="
    },
    "vue": {
      "version": "2.6.14",
      "resolved": "https://registry.npmjs.org/vue/-/vue-2.6.14.tgz",
      "integrity": "sha512-x2284lgYvjOMj3Za7kqzRcUSxBboHqtgRE2zlos1qWaOye5yUmHn42LB1250NJBLRwEcdrB0JRwyPTEPhfQjiQ=="
    },
    "vue-perfect-scrollbar": {
      "version": "0.1.0",
      "resolved": "https://registry.npmjs.org/vue-perfect-scrollbar/-/vue-perfect-scrollbar-0.1.0.tgz",
      "integrity": "sha512-l/ZEidPDFplXeDtxs+gO3D8efhwqyIEcUtfvfRujCQemcn39ghpSNoizWWZYI6Ro0iz3yP+w7LqNxEBjE+T1qQ=="
    },
    "vuepress-theme-terminal": {
      "version": "1.1.8",
      "resolved": "https://registry.npmjs.org/vuepress-theme-terminal/-/vuepress-theme-terminal-1.1.8.tgz",
      "integrity": "sha512-5X9bfWe5SZzdctrTotnoRKBuT4W9ogeIfqCheNyuSdunZfXNfyg6n4GfK9ve3JsAHdaoI5iAdNhoTGA/Y1lG1g==",
      "requires": {
        "@jsmith21/vue-terminal": "^1.1.6",
        "vue": "^2.6.11"
      }
    }
  }
}
